# THIS IS AN AUTOGENERATED FILE. DO NOT EDIT THIS FILE DIRECTLY.
# yarn lockfile v1


use-constant@^1.1.0:
  version "1.1.0"
  resolved "https://registry.yarnpkg.com/use-constant/-/use-constant-1.1.0.tgz#76d36a0edf16d4cc8565361f522b55da5f8f3f22"
  integrity sha512-yrflEfv7Xv/W8WlYV6nwRH01K+2BpR4cWxuzY03yPRjYZuHixhGlvnJN5O2bRYrXGpJ4zy8QjFABGIQ2QXeBOA==
